{
  "lockfileVersion": 1,
  "workspaces": {
    "": {
      "name": "vxe-hooks",
      "devDependencies": {
        "@types/bun": "latest",
        "vue": "latest",
        "vxe-table": "latest",
      },
      "peerDependencies": {
        "typescript": "latest",
      },
    },
  },
  "packages": {
    "@babel/helper-string-parser": ["@babel/helper-string-parser@7.27.1", "", {}, "sha512-qMlSxKbpRlAridDExk92nSobyDdpPijUq2DW6oDnUqd0iOGxmQjyqhMIihI9+zv4LPyZdRje2cavWPbCbWm3eA=="],

    "@babel/helper-validator-identifier": ["@babel/helper-validator-identifier@7.27.1", "", {}, "sha512-D2hP9eA+Sqx1kBZgzxZh0y1trbuU+JoDkiEwqhQ36nodYqJwyEIhPSdMNd7lOm/4io72luTPWH20Yda0xOuUow=="],

    "@babel/parser": ["@babel/parser@7.27.4", "", { "dependencies": { "@babel/types": "^7.27.3" }, "bin": "./bin/babel-parser.js" }, "sha512-BRmLHGwpUqLFR2jzx9orBuX/ABDkj2jLKOXrHDTN2aOKL+jFDDKaRNo9nyYsIl9h/UE/7lMKdDjKQQyxKKDZ7g=="],

    "@babel/types": ["@babel/types@7.27.3", "", { "dependencies": { "@babel/helper-string-parser": "^7.27.1", "@babel/helper-validator-identifier": "^7.27.1" } }, "sha512-Y1GkI4ktrtvmawoSq+4FCVHNryea6uR+qUQy0AGxLSsjCX0nVmkYQMBLHDkXZuo5hGx7eYdnIaslsdBFm7zbUw=="],

    "@jridgewell/sourcemap-codec": ["@jridgewell/sourcemap-codec@1.5.0", "", {}, "sha512-gv3ZRaISU3fjPAgNsriBRqGWQL6quFx04YMPW/zD8XMLsU32mhCCbfbO6KZFLjvYpCZ8zyDEgqsgf+PwPaM7GQ=="],

    "@types/bun": ["@types/bun@1.2.16", "", { "dependencies": { "bun-types": "1.2.16" } }, "sha512-1aCZJ/6nSiViw339RsaNhkNoEloLaPzZhxMOYEa7OzRzO41IGg5n/7I43/ZIAW/c+Q6cT12Vf7fOZOoVIzb5BQ=="],

    "@types/node": ["@types/node@22.15.29", "", { "dependencies": { "undici-types": "~6.21.0" } }, "sha512-LNdjOkUDlU1RZb8e1kOIUpN1qQUlzGkEtbVNo53vbrwDg5om6oduhm4SiUaPW5ASTXhAiP0jInWG8Qx9fVlOeQ=="],

    "@vue/compiler-core": ["@vue/compiler-core@3.5.16", "", { "dependencies": { "@babel/parser": "^7.27.2", "@vue/shared": "3.5.16", "entities": "^4.5.0", "estree-walker": "^2.0.2", "source-map-js": "^1.2.1" } }, "sha512-AOQS2eaQOaaZQoL1u+2rCJIKDruNXVBZSiUD3chnUrsoX5ZTQMaCvXlWNIfxBJuU15r1o7+mpo5223KVtIhAgQ=="],

    "@vue/compiler-dom": ["@vue/compiler-dom@3.5.16", "", { "dependencies": { "@vue/compiler-core": "3.5.16", "@vue/shared": "3.5.16" } }, "sha512-SSJIhBr/teipXiXjmWOVWLnxjNGo65Oj/8wTEQz0nqwQeP75jWZ0n4sF24Zxoht1cuJoWopwj0J0exYwCJ0dCQ=="],

    "@vue/compiler-sfc": ["@vue/compiler-sfc@3.5.16", "", { "dependencies": { "@babel/parser": "^7.27.2", "@vue/compiler-core": "3.5.16", "@vue/compiler-dom": "3.5.16", "@vue/compiler-ssr": "3.5.16", "@vue/shared": "3.5.16", "estree-walker": "^2.0.2", "magic-string": "^0.30.17", "postcss": "^8.5.3", "source-map-js": "^1.2.1" } }, "sha512-rQR6VSFNpiinDy/DVUE0vHoIDUF++6p910cgcZoaAUm3POxgNOOdS/xgoll3rNdKYTYPnnbARDCZOyZ+QSe6Pw=="],

    "@vue/compiler-ssr": ["@vue/compiler-ssr@3.5.16", "", { "dependencies": { "@vue/compiler-dom": "3.5.16", "@vue/shared": "3.5.16" } }, "sha512-d2V7kfxbdsjrDSGlJE7my1ZzCXViEcqN6w14DOsDrUCHEA6vbnVCpRFfrc4ryCP/lCKzX2eS1YtnLE/BuC9f/A=="],

    "@vue/reactivity": ["@vue/reactivity@3.5.16", "", { "dependencies": { "@vue/shared": "3.5.16" } }, "sha512-FG5Q5ee/kxhIm1p2bykPpPwqiUBV3kFySsHEQha5BJvjXdZTUfmya7wP7zC39dFuZAcf/PD5S4Lni55vGLMhvA=="],

    "@vue/runtime-core": ["@vue/runtime-core@3.5.16", "", { "dependencies": { "@vue/reactivity": "3.5.16", "@vue/shared": "3.5.16" } }, "sha512-bw5Ykq6+JFHYxrQa7Tjr+VSzw7Dj4ldR/udyBZbq73fCdJmyy5MPIFR9IX/M5Qs+TtTjuyUTCnmK3lWWwpAcFQ=="],

    "@vue/runtime-dom": ["@vue/runtime-dom@3.5.16", "", { "dependencies": { "@vue/reactivity": "3.5.16", "@vue/runtime-core": "3.5.16", "@vue/shared": "3.5.16", "csstype": "^3.1.3" } }, "sha512-T1qqYJsG2xMGhImRUV9y/RseB9d0eCYZQ4CWca9ztCuiPj/XWNNN+lkNBuzVbia5z4/cgxdL28NoQCvC0Xcfww=="],

    "@vue/server-renderer": ["@vue/server-renderer@3.5.16", "", { "dependencies": { "@vue/compiler-ssr": "3.5.16", "@vue/shared": "3.5.16" }, "peerDependencies": { "vue": "3.5.16" } }, "sha512-BrX0qLiv/WugguGsnQUJiYOE0Fe5mZTwi6b7X/ybGB0vfrPH9z0gD/Y6WOR1sGCgX4gc25L1RYS5eYQKDMoNIg=="],

    "@vue/shared": ["@vue/shared@3.5.16", "", {}, "sha512-c/0fWy3Jw6Z8L9FmTyYfkpM5zklnqqa9+a6dz3DvONRKW2NEbh46BP0FHuLFSWi2TnQEtp91Z6zOWNrU6QiyPg=="],

    "@vxe-ui/core": ["@vxe-ui/core@4.1.4", "", { "dependencies": { "dom-zindex": "^1.0.6", "xe-utils": "^3.7.4" }, "peerDependencies": { "vue": "^3.2.0" } }, "sha512-XjT7gyKwiThAQ06rwmsZA+WEvr6eX2XuaMPzArPOS41gTasgvbVT777y3QZUvzkjuy+JnGH9zY98cydEF5W0ng=="],

    "bun-types": ["bun-types@1.2.16", "", { "dependencies": { "@types/node": "*" } }, "sha512-ciXLrHV4PXax9vHvUrkvun9VPVGOVwbbbBF/Ev1cXz12lyEZMoJpIJABOfPcN9gDJRaiKF9MVbSygLg4NXu3/A=="],

    "csstype": ["csstype@3.1.3", "", {}, "sha512-M1uQkMl8rQK/szD0LNhtqxIPLpimGm8sOBwU7lLnCpSbTyY3yeU1Vc7l4KT5zT4s/yOxHH5O7tIuuLOCnLADRw=="],

    "dom-zindex": ["dom-zindex@1.0.6", "", {}, "sha512-FKWIhiU96bi3xpP9ewRMgANsoVmMUBnMnmpCT6dPMZOunVYJQmJhSRruoI0XSPoHeIif3kyEuiHbFrOJwEJaEA=="],

    "entities": ["entities@4.5.0", "", {}, "sha512-V0hjH4dGPh9Ao5p0MoRY6BVqtwCjhz6vI5LT8AJ55H+4g9/4vbHx1I54fS0XuclLhDHArPQCiMjDxjaL8fPxhw=="],

    "estree-walker": ["estree-walker@2.0.2", "", {}, "sha512-Rfkk/Mp/DL7JVje3u18FxFujQlTNR2q6QfMSMB7AvCBx91NGj/ba3kCfza0f6dVDbw7YlRf/nDrn7pQrCCyQ/w=="],

    "magic-string": ["magic-string@0.30.17", "", { "dependencies": { "@jridgewell/sourcemap-codec": "^1.5.0" } }, "sha512-sNPKHvyjVf7gyjwS4xGTaW/mCnF8wnjtifKBEhxfZ7E/S8tQ0rssrwGNn6q8JH/ohItJfSQp9mBtQYuTlH5QnA=="],

    "nanoid": ["nanoid@3.3.11", "", { "bin": { "nanoid": "bin/nanoid.cjs" } }, "sha512-N8SpfPUnUp1bK+PMYW8qSWdl9U+wwNWI4QKxOYDy9JAro3WMX7p2OeVRF9v+347pnakNevPmiHhNmZ2HbFA76w=="],

    "picocolors": ["picocolors@1.1.1", "", {}, "sha512-xceH2snhtb5M9liqDsmEw56le376mTZkEX/jEb/RxNFyegNul7eNslCXP9FDj/Lcu0X8KEyMceP2ntpaHrDEVA=="],

    "postcss": ["postcss@8.5.4", "", { "dependencies": { "nanoid": "^3.3.11", "picocolors": "^1.1.1", "source-map-js": "^1.2.1" } }, "sha512-QSa9EBe+uwlGTFmHsPKokv3B/oEMQZxfqW0QqNCyhpa6mB1afzulwn8hihglqAb2pOw+BJgNlmXQ8la2VeHB7w=="],

    "source-map-js": ["source-map-js@1.2.1", "", {}, "sha512-UXWMKhLOwVKb728IUtQPXxfYU+usdybtUrK/8uGE8CQMvrhOpwvzDBwj0QhSL7MQc7vIsISBG8VQ8+IDQxpfQA=="],

    "typescript": ["typescript@5.8.3", "", { "bin": { "tsc": "bin/tsc", "tsserver": "bin/tsserver" } }, "sha512-p1diW6TqL9L07nNxvRMM7hMMw4c5XOo/1ibL4aAIGmSAt9slTE1Xgw5KWuof2uTOvCg9BY7ZRi+GaF+7sfgPeQ=="],

    "undici-types": ["undici-types@6.21.0", "", {}, "sha512-iwDZqg0QAGrg9Rav5H4n0M64c3mkR59cJ6wQp+7C4nI0gsmExaedaYLNO44eT4AtBBwjbTiGPMlt2Md0T9H9JQ=="],

    "vue": ["vue@3.5.16", "", { "dependencies": { "@vue/compiler-dom": "3.5.16", "@vue/compiler-sfc": "3.5.16", "@vue/runtime-dom": "3.5.16", "@vue/server-renderer": "3.5.16", "@vue/shared": "3.5.16" }, "peerDependencies": { "typescript": "*" }, "optionalPeers": ["typescript"] }, "sha512-rjOV2ecxMd5SiAmof2xzh2WxntRcigkX/He4YFJ6WdRvVUrbt6DxC1Iujh10XLl8xCDRDtGKMeO3D+pRQ1PP9w=="],

    "vxe-pc-ui": ["vxe-pc-ui@4.6.13", "", { "dependencies": { "@vxe-ui/core": "^4.1.4" } }, "sha512-rZ28PgaRTJLnOh+3L+7iZOpQs+7PIgPOEoquWYhcFlPoVJst3ODkGBersXwenHKlKiRPZNSShZeZ+EC0B/XGpA=="],

    "vxe-table": ["vxe-table@4.13.41", "", { "dependencies": { "vxe-pc-ui": "^4.6.0" } }, "sha512-welBj+RH9MVaifl/dZVr8tFb0/eAa+ZW13UxsvFoGNfwFqep+BiAdtxolGFDW/kg066QgjaN3sv91tyqrH2SAA=="],

    "xe-utils": ["xe-utils@3.7.4", "", {}, "sha512-9yuCHLOU+og4OEkPWWtzrYk1Zt1hgN66U/NCJ0+vYJSx1MplBtoQRz8aEA+2RmCr3leLru98vQxNpw/vJsu/sg=="],
  }
}
